
Microsoft Visual Studio Solution File, Format Version 12.00
# Visual Studio Version 17
VisualStudioVersion = 17.8.34309.116
MinimumVisualStudioVersion = 10.0.40219.1
Project("{2150E333-8FDC-42A3-9474-1A3956D46DE8}") = "Toolkits", "Toolkits", "{8B68315F-10BA-4E2B-AF2E-312DCD160766}"
EndProject
Project("{2150E333-8FDC-42A3-9474-1A3956D46DE8}") = "Common", "Common", "{81389446-0175-4050-B3DB-88E93C7E078C}"
EndProject
Project("{2150E333-8FDC-42A3-9474-1A3956D46DE8}") = "Modules", "Modules", "{4A762C57-26E8-49A3-BD83-CA0911C96AE4}"
EndProject
Project("{2150E333-8FDC-42A3-9474-1A3956D46DE8}") = "Presentation", "Presentation", "{D4AEF1DC-1030-447B-817D-F5E49C801EFF}"
EndProject
Project("{2150E333-8FDC-42A3-9474-1A3956D46DE8}") = "Prism Library", "Prism Library", "{15CF1FE1-D78E-4E3D-A9F8-FA0FCC56A83A}"
EndProject
Project("{9A19103F-16F7-4668-BE54-9A1E7A4F7556}") = "Prism.Wpf", "..\..\Toolkits\Prism Library\Prism.Wpf\Prism.Wpf.csproj", "{6A60A2C1-92C4-4C6E-9883-928D8D308678}"
EndProject
Project("{9A19103F-16F7-4668-BE54-9A1E7A4F7556}") = "Prism.Unity.Wpf", "..\..\Toolkits\Prism Library\Prism.Unity.Wpf\Prism.Unity.Wpf.csproj", "{2ED63CA2-6C42-40DD-AF17-9C990E75A530}"
EndProject
Project("{9A19103F-16F7-4668-BE54-9A1E7A4F7556}") = "Prism.Core", "..\..\Toolkits\Prism Library\Prism.Core\Prism.Core.csproj", "{924E08CD-824C-43CD-8B8B-3D7673E19D5D}"
EndProject
Project("{9A19103F-16F7-4668-BE54-9A1E7A4F7556}") = "Aksl.Infrastructure", "..\..\Infrastructure\Aksl.Infrastructure\Aksl.Infrastructure.csproj", "{ADE7520F-AB1B-4EA2-9B17-3837DC19E53E}"
EndProject
Project("{9A19103F-16F7-4668-BE54-9A1E7A4F7556}") = "HomeView", "..\Modules\HomeView\HomeView.csproj", "{11C80636-F966-4B87-932D-808538648EE6}"
EndProject
Project("{9A19103F-16F7-4668-BE54-9A1E7A4F7556}") = "Aksl.Wpf.Shell", "Aksl.Wpf.Shell.csproj", "{86F5A01B-9FF4-47F8-91FD-1E1540DCCDAE}"
EndProject
Project("{9A19103F-16F7-4668-BE54-9A1E7A4F7556}") = "Account", "..\Modules\Account\Account.csproj", "{47ED3A36-C2D9-4E41-B4B5-9ECE93A6AE28}"
EndProject
Project("{2150E333-8FDC-42A3-9474-1A3956D46DE8}") = "Industry", "Industry", "{9BC73523-35F0-4E4C-8A9F-CEAD079854F9}"
EndProject
Project("{9A19103F-16F7-4668-BE54-9A1E7A4F7556}") = "CoolingTowerView", "..\Modules\Industry\CoolingTowerView\CoolingTowerView.csproj", "{6CAD7EFC-D1A1-4D36-BF06-CFC32C2E5D9A}"
EndProject
Project("{9A19103F-16F7-4668-BE54-9A1E7A4F7556}") = "PipelineView", "..\Modules\Industry\PipelineView\PipelineView.csproj", "{564EA081-E5C1-4DF0-919B-18E460019E29}"
EndProject
Project("{9A19103F-16F7-4668-BE54-9A1E7A4F7556}") = "ThermometerView", "..\Modules\Industry\ThermometerrView\ThermometerView.csproj", "{02DAA9CB-6F18-4C54-A44E-94D5368D9845}"
EndProject
Project("{9A19103F-16F7-4668-BE54-9A1E7A4F7556}") = "AirCompresserView", "..\Modules\Industry\AirCompresserView\AirCompresserView.csproj", "{6FB640CB-C235-49FF-BBF0-DB8CA6CE2CBF}"
EndProject
Project("{9A19103F-16F7-4668-BE54-9A1E7A4F7556}") = "Aksl.Toolkit", "..\..\Toolkits\Aksl.Toolkit\Aksl.Toolkit.csproj", "{A3AF55C3-C7D2-498A-B881-AF95D2F6C6A5}"
EndProject
Project("{9A19103F-16F7-4668-BE54-9A1E7A4F7556}") = "Aksl.Toolkit.Controls", "..\..\Toolkits\Aksl.Toolkit.Controls\Aksl.Toolkit.Controls.csproj", "{083E8760-3F4E-487D-B681-D4DBFB4E946D}"
EndProject
Project("{2150E333-8FDC-42A3-9474-1A3956D46DE8}") = "SideBars", "SideBars", "{AB1E8BA7-696E-4CEC-981E-A7374346C2D9}"
EndProject
Project("{9A19103F-16F7-4668-BE54-9A1E7A4F7556}") = "HamburgerMenuSideBarTab", "..\Modules\SideBars\HamburgerMenuSideBarTab\HamburgerMenuSideBarTab.csproj", "{38D1C699-3739-43DD-9041-ABAD9104ECAF}"
EndProject
Global
	GlobalSection(SolutionConfigurationPlatforms) = preSolution
		Debug|Any CPU = Debug|Any CPU
		Debug|x86 = Debug|x86
		Release|Any CPU = Release|Any CPU
		Release|x86 = Release|x86
	EndGlobalSection
	GlobalSection(ProjectConfigurationPlatforms) = postSolution
		{6A60A2C1-92C4-4C6E-9883-928D8D308678}.Debug|Any CPU.ActiveCfg = Debug|Any CPU
		{6A60A2C1-92C4-4C6E-9883-928D8D308678}.Debug|Any CPU.Build.0 = Debug|Any CPU
		{6A60A2C1-92C4-4C6E-9883-928D8D308678}.Debug|x86.ActiveCfg = Debug|Any CPU
		{6A60A2C1-92C4-4C6E-9883-928D8D308678}.Debug|x86.Build.0 = Debug|Any CPU
		{6A60A2C1-92C4-4C6E-9883-928D8D308678}.Release|Any CPU.ActiveCfg = Release|Any CPU
		{6A60A2C1-92C4-4C6E-9883-928D8D308678}.Release|Any CPU.Build.0 = Release|Any CPU
		{6A60A2C1-92C4-4C6E-9883-928D8D308678}.Release|x86.ActiveCfg = Release|Any CPU
		{6A60A2C1-92C4-4C6E-9883-928D8D308678}.Release|x86.Build.0 = Release|Any CPU
		{2ED63CA2-6C42-40DD-AF17-9C990E75A530}.Debug|Any CPU.ActiveCfg = Debug|Any CPU
		{2ED63CA2-6C42-40DD-AF17-9C990E75A530}.Debug|Any CPU.Build.0 = Debug|Any CPU
		{2ED63CA2-6C42-40DD-AF17-9C990E75A530}.Debug|x86.ActiveCfg = Debug|Any CPU
		{2ED63CA2-6C42-40DD-AF17-9C990E75A530}.Debug|x86.Build.0 = Debug|Any CPU
		{2ED63CA2-6C42-40DD-AF17-9C990E75A530}.Release|Any CPU.ActiveCfg = Release|Any CPU
		{2ED63CA2-6C42-40DD-AF17-9C990E75A530}.Release|Any CPU.Build.0 = Release|Any CPU
		{2ED63CA2-6C42-40DD-AF17-9C990E75A530}.Release|x86.ActiveCfg = Release|Any CPU
		{2ED63CA2-6C42-40DD-AF17-9C990E75A530}.Release|x86.Build.0 = Release|Any CPU
		{924E08CD-824C-43CD-8B8B-3D7673E19D5D}.Debug|Any CPU.ActiveCfg = Debug|Any CPU
		{924E08CD-824C-43CD-8B8B-3D7673E19D5D}.Debug|Any CPU.Build.0 = Debug|Any CPU
		{924E08CD-824C-43CD-8B8B-3D7673E19D5D}.Debug|x86.ActiveCfg = Debug|Any CPU
		{924E08CD-824C-43CD-8B8B-3D7673E19D5D}.Debug|x86.Build.0 = Debug|Any CPU
		{924E08CD-824C-43CD-8B8B-3D7673E19D5D}.Release|Any CPU.ActiveCfg = Release|Any CPU
		{924E08CD-824C-43CD-8B8B-3D7673E19D5D}.Release|Any CPU.Build.0 = Release|Any CPU
		{924E08CD-824C-43CD-8B8B-3D7673E19D5D}.Release|x86.ActiveCfg = Release|Any CPU
		{924E08CD-824C-43CD-8B8B-3D7673E19D5D}.Release|x86.Build.0 = Release|Any CPU
		{ADE7520F-AB1B-4EA2-9B17-3837DC19E53E}.Debug|Any CPU.ActiveCfg = Debug|Any CPU
		{ADE7520F-AB1B-4EA2-9B17-3837DC19E53E}.Debug|Any CPU.Build.0 = Debug|Any CPU
		{ADE7520F-AB1B-4EA2-9B17-3837DC19E53E}.Debug|x86.ActiveCfg = Debug|Any CPU
		{ADE7520F-AB1B-4EA2-9B17-3837DC19E53E}.Debug|x86.Build.0 = Debug|Any CPU
		{ADE7520F-AB1B-4EA2-9B17-3837DC19E53E}.Release|Any CPU.ActiveCfg = Release|Any CPU
		{ADE7520F-AB1B-4EA2-9B17-3837DC19E53E}.Release|Any CPU.Build.0 = Release|Any CPU
		{ADE7520F-AB1B-4EA2-9B17-3837DC19E53E}.Release|x86.ActiveCfg = Release|Any CPU
		{ADE7520F-AB1B-4EA2-9B17-3837DC19E53E}.Release|x86.Build.0 = Release|Any CPU
		{11C80636-F966-4B87-932D-808538648EE6}.Debug|Any CPU.ActiveCfg = Debug|Any CPU
		{11C80636-F966-4B87-932D-808538648EE6}.Debug|Any CPU.Build.0 = Debug|Any CPU
		{11C80636-F966-4B87-932D-808538648EE6}.Debug|x86.ActiveCfg = Debug|Any CPU
		{11C80636-F966-4B87-932D-808538648EE6}.Debug|x86.Build.0 = Debug|Any CPU
		{11C80636-F966-4B87-932D-808538648EE6}.Release|Any CPU.ActiveCfg = Release|Any CPU
		{11C80636-F966-4B87-932D-808538648EE6}.Release|Any CPU.Build.0 = Release|Any CPU
		{11C80636-F966-4B87-932D-808538648EE6}.Release|x86.ActiveCfg = Release|Any CPU
		{11C80636-F966-4B87-932D-808538648EE6}.Release|x86.Build.0 = Release|Any CPU
		{86F5A01B-9FF4-47F8-91FD-1E1540DCCDAE}.Debug|Any CPU.ActiveCfg = Debug|Any CPU
		{86F5A01B-9FF4-47F8-91FD-1E1540DCCDAE}.Debug|Any CPU.Build.0 = Debug|Any CPU
		{86F5A01B-9FF4-47F8-91FD-1E1540DCCDAE}.Debug|x86.ActiveCfg = Debug|Any CPU
		{86F5A01B-9FF4-47F8-91FD-1E1540DCCDAE}.Debug|x86.Build.0 = Debug|Any CPU
		{86F5A01B-9FF4-47F8-91FD-1E1540DCCDAE}.Release|Any CPU.ActiveCfg = Release|Any CPU
		{86F5A01B-9FF4-47F8-91FD-1E1540DCCDAE}.Release|Any CPU.Build.0 = Release|Any CPU
		{86F5A01B-9FF4-47F8-91FD-1E1540DCCDAE}.Release|x86.ActiveCfg = Release|Any CPU
		{86F5A01B-9FF4-47F8-91FD-1E1540DCCDAE}.Release|x86.Build.0 = Release|Any CPU
		{47ED3A36-C2D9-4E41-B4B5-9ECE93A6AE28}.Debug|Any CPU.ActiveCfg = Debug|Any CPU
		{47ED3A36-C2D9-4E41-B4B5-9ECE93A6AE28}.Debug|Any CPU.Build.0 = Debug|Any CPU
		{47ED3A36-C2D9-4E41-B4B5-9ECE93A6AE28}.Debug|x86.ActiveCfg = Debug|Any CPU
		{47ED3A36-C2D9-4E41-B4B5-9ECE93A6AE28}.Debug|x86.Build.0 = Debug|Any CPU
		{47ED3A36-C2D9-4E41-B4B5-9ECE93A6AE28}.Release|Any CPU.ActiveCfg = Release|Any CPU
		{47ED3A36-C2D9-4E41-B4B5-9ECE93A6AE28}.Release|Any CPU.Build.0 = Release|Any CPU
		{47ED3A36-C2D9-4E41-B4B5-9ECE93A6AE28}.Release|x86.ActiveCfg = Release|Any CPU
		{47ED3A36-C2D9-4E41-B4B5-9ECE93A6AE28}.Release|x86.Build.0 = Release|Any CPU
		{6CAD7EFC-D1A1-4D36-BF06-CFC32C2E5D9A}.Debug|Any CPU.ActiveCfg = Debug|Any CPU
		{6CAD7EFC-D1A1-4D36-BF06-CFC32C2E5D9A}.Debug|Any CPU.Build.0 = Debug|Any CPU
		{6CAD7EFC-D1A1-4D36-BF06-CFC32C2E5D9A}.Debug|x86.ActiveCfg = Debug|Any CPU
		{6CAD7EFC-D1A1-4D36-BF06-CFC32C2E5D9A}.Debug|x86.Build.0 = Debug|Any CPU
		{6CAD7EFC-D1A1-4D36-BF06-CFC32C2E5D9A}.Release|Any CPU.ActiveCfg = Release|Any CPU
		{6CAD7EFC-D1A1-4D36-BF06-CFC32C2E5D9A}.Release|Any CPU.Build.0 = Release|Any CPU
		{6CAD7EFC-D1A1-4D36-BF06-CFC32C2E5D9A}.Release|x86.ActiveCfg = Release|Any CPU
		{6CAD7EFC-D1A1-4D36-BF06-CFC32C2E5D9A}.Release|x86.Build.0 = Release|Any CPU
		{564EA081-E5C1-4DF0-919B-18E460019E29}.Debug|Any CPU.ActiveCfg = Debug|Any CPU
		{564EA081-E5C1-4DF0-919B-18E460019E29}.Debug|Any CPU.Build.0 = Debug|Any CPU
		{564EA081-E5C1-4DF0-919B-18E460019E29}.Debug|x86.ActiveCfg = Debug|Any CPU
		{564EA081-E5C1-4DF0-919B-18E460019E29}.Debug|x86.Build.0 = Debug|Any CPU
		{564EA081-E5C1-4DF0-919B-18E460019E29}.Release|Any CPU.ActiveCfg = Release|Any CPU
		{564EA081-E5C1-4DF0-919B-18E460019E29}.Release|Any CPU.Build.0 = Release|Any CPU
		{564EA081-E5C1-4DF0-919B-18E460019E29}.Release|x86.ActiveCfg = Release|Any CPU
		{564EA081-E5C1-4DF0-919B-18E460019E29}.Release|x86.Build.0 = Release|Any CPU
		{02DAA9CB-6F18-4C54-A44E-94D5368D9845}.Debug|Any CPU.ActiveCfg = Debug|Any CPU
		{02DAA9CB-6F18-4C54-A44E-94D5368D9845}.Debug|Any CPU.Build.0 = Debug|Any CPU
		{02DAA9CB-6F18-4C54-A44E-94D5368D9845}.Debug|x86.ActiveCfg = Debug|Any CPU
		{02DAA9CB-6F18-4C54-A44E-94D5368D9845}.Debug|x86.Build.0 = Debug|Any CPU
		{02DAA9CB-6F18-4C54-A44E-94D5368D9845}.Release|Any CPU.ActiveCfg = Release|Any CPU
		{02DAA9CB-6F18-4C54-A44E-94D5368D9845}.Release|Any CPU.Build.0 = Release|Any CPU
		{02DAA9CB-6F18-4C54-A44E-94D5368D9845}.Release|x86.ActiveCfg = Release|Any CPU
		{02DAA9CB-6F18-4C54-A44E-94D5368D9845}.Release|x86.Build.0 = Release|Any CPU
		{6FB640CB-C235-49FF-BBF0-DB8CA6CE2CBF}.Debug|Any CPU.ActiveCfg = Debug|Any CPU
		{6FB640CB-C235-49FF-BBF0-DB8CA6CE2CBF}.Debug|Any CPU.Build.0 = Debug|Any CPU
		{6FB640CB-C235-49FF-BBF0-DB8CA6CE2CBF}.Debug|x86.ActiveCfg = Debug|Any CPU
		{6FB640CB-C235-49FF-BBF0-DB8CA6CE2CBF}.Debug|x86.Build.0 = Debug|Any CPU
		{6FB640CB-C235-49FF-BBF0-DB8CA6CE2CBF}.Release|Any CPU.ActiveCfg = Release|Any CPU
		{6FB640CB-C235-49FF-BBF0-DB8CA6CE2CBF}.Release|Any CPU.Build.0 = Release|Any CPU
		{6FB640CB-C235-49FF-BBF0-DB8CA6CE2CBF}.Release|x86.ActiveCfg = Release|Any CPU
		{6FB640CB-C235-49FF-BBF0-DB8CA6CE2CBF}.Release|x86.Build.0 = Release|Any CPU
		{A3AF55C3-C7D2-498A-B881-AF95D2F6C6A5}.Debug|Any CPU.ActiveCfg = Debug|Any CPU
		{A3AF55C3-C7D2-498A-B881-AF95D2F6C6A5}.Debug|Any CPU.Build.0 = Debug|Any CPU
		{A3AF55C3-C7D2-498A-B881-AF95D2F6C6A5}.Debug|x86.ActiveCfg = Debug|Any CPU
		{A3AF55C3-C7D2-498A-B881-AF95D2F6C6A5}.Debug|x86.Build.0 = Debug|Any CPU
		{A3AF55C3-C7D2-498A-B881-AF95D2F6C6A5}.Release|Any CPU.ActiveCfg = Release|Any CPU
		{A3AF55C3-C7D2-498A-B881-AF95D2F6C6A5}.Release|Any CPU.Build.0 = Release|Any CPU
		{A3AF55C3-C7D2-498A-B881-AF95D2F6C6A5}.Release|x86.ActiveCfg = Release|Any CPU
		{A3AF55C3-C7D2-498A-B881-AF95D2F6C6A5}.Release|x86.Build.0 = Release|Any CPU
		{083E8760-3F4E-487D-B681-D4DBFB4E946D}.Debug|Any CPU.ActiveCfg = Debug|Any CPU
		{083E8760-3F4E-487D-B681-D4DBFB4E946D}.Debug|Any CPU.Build.0 = Debug|Any CPU
		{083E8760-3F4E-487D-B681-D4DBFB4E946D}.Debug|x86.ActiveCfg = Debug|Any CPU
		{083E8760-3F4E-487D-B681-D4DBFB4E946D}.Debug|x86.Build.0 = Debug|Any CPU
		{083E8760-3F4E-487D-B681-D4DBFB4E946D}.Release|Any CPU.ActiveCfg = Release|Any CPU
		{083E8760-3F4E-487D-B681-D4DBFB4E946D}.Release|Any CPU.Build.0 = Release|Any CPU
		{083E8760-3F4E-487D-B681-D4DBFB4E946D}.Release|x86.ActiveCfg = Release|Any CPU
		{083E8760-3F4E-487D-B681-D4DBFB4E946D}.Release|x86.Build.0 = Release|Any CPU
		{38D1C699-3739-43DD-9041-ABAD9104ECAF}.Debug|Any CPU.ActiveCfg = Debug|Any CPU
		{38D1C699-3739-43DD-9041-ABAD9104ECAF}.Debug|Any CPU.Build.0 = Debug|Any CPU
		{38D1C699-3739-43DD-9041-ABAD9104ECAF}.Debug|x86.ActiveCfg = Debug|Any CPU
		{38D1C699-3739-43DD-9041-ABAD9104ECAF}.Debug|x86.Build.0 = Debug|Any CPU
		{38D1C699-3739-43DD-9041-ABAD9104ECAF}.Release|Any CPU.ActiveCfg = Release|Any CPU
		{38D1C699-3739-43DD-9041-ABAD9104ECAF}.Release|Any CPU.Build.0 = Release|Any CPU
		{38D1C699-3739-43DD-9041-ABAD9104ECAF}.Release|x86.ActiveCfg = Release|Any CPU
		{38D1C699-3739-43DD-9041-ABAD9104ECAF}.Release|x86.Build.0 = Release|Any CPU
	EndGlobalSection
	GlobalSection(SolutionProperties) = preSolution
		HideSolutionNode = FALSE
	EndGlobalSection
	GlobalSection(NestedProjects) = preSolution
		{4A762C57-26E8-49A3-BD83-CA0911C96AE4} = {D4AEF1DC-1030-447B-817D-F5E49C801EFF}
		{15CF1FE1-D78E-4E3D-A9F8-FA0FCC56A83A} = {8B68315F-10BA-4E2B-AF2E-312DCD160766}
		{6A60A2C1-92C4-4C6E-9883-928D8D308678} = {15CF1FE1-D78E-4E3D-A9F8-FA0FCC56A83A}
		{2ED63CA2-6C42-40DD-AF17-9C990E75A530} = {15CF1FE1-D78E-4E3D-A9F8-FA0FCC56A83A}
		{924E08CD-824C-43CD-8B8B-3D7673E19D5D} = {15CF1FE1-D78E-4E3D-A9F8-FA0FCC56A83A}
		{ADE7520F-AB1B-4EA2-9B17-3837DC19E53E} = {81389446-0175-4050-B3DB-88E93C7E078C}
		{11C80636-F966-4B87-932D-808538648EE6} = {4A762C57-26E8-49A3-BD83-CA0911C96AE4}
		{86F5A01B-9FF4-47F8-91FD-1E1540DCCDAE} = {D4AEF1DC-1030-447B-817D-F5E49C801EFF}
		{47ED3A36-C2D9-4E41-B4B5-9ECE93A6AE28} = {4A762C57-26E8-49A3-BD83-CA0911C96AE4}
		{9BC73523-35F0-4E4C-8A9F-CEAD079854F9} = {4A762C57-26E8-49A3-BD83-CA0911C96AE4}
		{6CAD7EFC-D1A1-4D36-BF06-CFC32C2E5D9A} = {9BC73523-35F0-4E4C-8A9F-CEAD079854F9}
		{564EA081-E5C1-4DF0-919B-18E460019E29} = {9BC73523-35F0-4E4C-8A9F-CEAD079854F9}
		{02DAA9CB-6F18-4C54-A44E-94D5368D9845} = {9BC73523-35F0-4E4C-8A9F-CEAD079854F9}
		{6FB640CB-C235-49FF-BBF0-DB8CA6CE2CBF} = {9BC73523-35F0-4E4C-8A9F-CEAD079854F9}
		{A3AF55C3-C7D2-498A-B881-AF95D2F6C6A5} = {8B68315F-10BA-4E2B-AF2E-312DCD160766}
		{083E8760-3F4E-487D-B681-D4DBFB4E946D} = {8B68315F-10BA-4E2B-AF2E-312DCD160766}
		{AB1E8BA7-696E-4CEC-981E-A7374346C2D9} = {4A762C57-26E8-49A3-BD83-CA0911C96AE4}
		{38D1C699-3739-43DD-9041-ABAD9104ECAF} = {AB1E8BA7-696E-4CEC-981E-A7374346C2D9}
	EndGlobalSection
	GlobalSection(ExtensibilityGlobals) = postSolution
		SolutionGuid = {D877B086-37FD-4AA5-8AB3-CF7E87E27425}
	EndGlobalSection
EndGlobal
